{
  "name": "cloudinary",
  "version": "0.1.0",
  "lockfileVersion": 1,
  "requires": true,
  "dependencies": {
    "cloudinary-core": {
      "version": "2.5.0",
      "resolved": "https://registry.npmjs.org/cloudinary-core/-/cloudinary-core-2.5.0.tgz",
      "integrity": "sha512-lrzdLUzFZPnxpWgIAGtOwfqM2D+rG+fLsgd6KqZwDkQX+DYOUNaJpD3lEqxhoMI90zoT1gP/7+pMh/AscSaQ0w==",
      "requires": {
        "lodash": "4.17.10"
      }
    },
    "cloudinary-react": {
      "version": "1.0.6",
      "resolved": "https://registry.npmjs.org/cloudinary-react/-/cloudinary-react-1.0.6.tgz",
      "integrity": "sha512-x0o28f0wyKJeskt5WKTwK0/eACLt2D1fg+cC/B3nVt5+606wsNr8ORirGbmkWVHP+SAcTR7Hyrf9BFqfagug/w==",
      "requires": {
        "cloudinary-core": "2.5.0",
        "prop-types": "15.6.2"
      }
    },
    "js-tokens": {
      "version": "3.0.2",
      "resolved": "https://registry.npmjs.org/js-tokens/-/js-tokens-3.0.2.tgz",
      "integrity": "sha1-mGbfOVECEw449/mWvOtlRDIJwls="
    },
    "lodash": {
      "version": "4.17.10",
      "resolved": "https://registry.npmjs.org/lodash/-/lodash-4.17.10.tgz",
      "integrity": "sha512-UejweD1pDoXu+AD825lWwp4ZGtSwgnpZxb3JDViD7StjQz+Nb/6l093lx4OQ0foGWNRoc19mWy7BzL+UAK2iVg=="
    },
    "loose-envify": {
      "version": "1.3.1",
      "resolved": "https://registry.npmjs.org/loose-envify/-/loose-envify-1.3.1.tgz",
      "integrity": "sha1-0aitM/qc4OcT1l/dCsi3SNR4yEg=",
      "requires": {
        "js-tokens": "3.0.2"
      }
    },
    "object-assign": {
      "version": "4.1.1",
      "resolved": "https://registry.npmjs.org/object-assign/-/object-assign-4.1.1.tgz",
      "integrity": "sha1-IQmtx5ZYh8/AXLvUQsrIv7s2CGM="
    },
    "prop-types": {
      "version": "15.6.2",
      "resolved": "https://registry.npmjs.org/prop-types/-/prop-types-15.6.2.tgz",
      "integrity": "sha512-3pboPvLiWD7dkI3qf3KbUe6hKFKa52w+AE0VCqECtf+QHAKgOL37tTaNCnuX1nAAQ4ZhyP+kYVKf8rLmJ/feDQ==",
      "requires": {
        "loose-envify": "1.3.1",
        "object-assign": "4.1.1"
      }
    }
  }
}
